
Microsoft Visual Studio Solution File, Format Version 12.00
# Visual Studio Version 17
VisualStudioVersion = 17.1.32228.430
MinimumVisualStudioVersion = 10.0.40219.1
Project("{9A19103F-16F7-4668-BE54-9A1E7A4F7556}") = "DbEx", "src\DbEx\DbEx.csproj", "{1C02E315-1886-4F77-976F-7081764A4FCB}"
EndProject
Project("{2150E333-8FDC-42A3-9474-1A3956D46DE8}") = "Tests", "Tests", "{97C99299-8645-46CC-A851-6F3E79112221}"
EndProject
Project("{9A19103F-16F7-4668-BE54-9A1E7A4F7556}") = "DbEx.Test", "tests\DbEx.Test\DbEx.Test.csproj", "{6FF78B79-D3C8-437B-A35B-55F441905A86}"
EndProject
Project("{2150E333-8FDC-42A3-9474-1A3956D46DE8}") = "Dependencies", "Dependencies", "{06385968-DFF7-4470-B87E-55D98CC4661C}"
EndProject
Project("{9A19103F-16F7-4668-BE54-9A1E7A4F7556}") = "DbEx.Test.Empty", "tests\DbEx.Test.Empty\DbEx.Test.Empty.csproj", "{7B499943-7183-446F-92C0-D9DAD6237303}"
EndProject
Project("{2150E333-8FDC-42A3-9474-1A3956D46DE8}") = "Solution Items", "Solution Items", "{C015DBBD-509E-434F-8C4C-83EAF6D1954B}"
	ProjectSection(SolutionItems) = preProject
		.gitignore = .gitignore
		CHANGELOG.md = CHANGELOG.md
		CODE_OF_CONDUCT.md = CODE_OF_CONDUCT.md
		Common.targets = Common.targets
		CONTRIBUTING.md = CONTRIBUTING.md
		LICENSE = LICENSE
		nuget-publish.ps1 = nuget-publish.ps1
		README.md = README.md
		SECURITY.md = SECURITY.md
	EndProjectSection
EndProject
Project("{9A19103F-16F7-4668-BE54-9A1E7A4F7556}") = "DbEx.Test.Console", "tests\DbEx.Test.Console\DbEx.Test.Console.csproj", "{117B6E86-2C88-446E-AC3A-AE1A2E84E2D8}"
EndProject
Project("{9A19103F-16F7-4668-BE54-9A1E7A4F7556}") = "DbEx.Test.OutboxConsole", "tests\DbEx.Test.OutboxConsole\DbEx.Test.OutboxConsole.csproj", "{959DD5E1-530A-42BA-82B8-F17A657AC351}"
EndProject
Project("{9A19103F-16F7-4668-BE54-9A1E7A4F7556}") = "DbEx.Test.Error", "tests\DbEx.Test.Error\DbEx.Test.Error.csproj", "{2069346C-9769-48DF-B71F-A58ED6A2192B}"
EndProject
Project("{2150E333-8FDC-42A3-9474-1A3956D46DE8}") = "Docs", "Docs", "{BB01353C-4FB3-4D61-899C-1A1D8F0AA268}"
	ProjectSection(SolutionItems) = preProject
		docs\SqlServerEventOutbox.md = docs\SqlServerEventOutbox.md
	EndProjectSection
EndProject
Project("{9A19103F-16F7-4668-BE54-9A1E7A4F7556}") = "DbEx.SqlServer", "src\DbEx.SqlServer\DbEx.SqlServer.csproj", "{74DF6A5E-4F95-467A-8F64-5A4DBC3AAFFC}"
EndProject
Project("{FAE04EC0-301F-11D3-BF4B-00C04F79EFBC}") = "DbEx.MySql", "src\DbEx.MySql\DbEx.MySql.csproj", "{2B2BD40D-46FD-4582-994D-39D8056DE55E}"
EndProject
Project("{FAE04EC0-301F-11D3-BF4B-00C04F79EFBC}") = "DbEx.Test.MySqlConsole", "tests\DbEx.Test.MySqlConsole\DbEx.Test.MySqlConsole.csproj", "{80EF0604-F641-4D01-9922-0162D0C69E02}"
EndProject
Global
	GlobalSection(SolutionConfigurationPlatforms) = preSolution
		Debug|Any CPU = Debug|Any CPU
		Release|Any CPU = Release|Any CPU
	EndGlobalSection
	GlobalSection(ProjectConfigurationPlatforms) = postSolution
		{1C02E315-1886-4F77-976F-7081764A4FCB}.Debug|Any CPU.ActiveCfg = Debug|Any CPU
		{1C02E315-1886-4F77-976F-7081764A4FCB}.Debug|Any CPU.Build.0 = Debug|Any CPU
		{1C02E315-1886-4F77-976F-7081764A4FCB}.Release|Any CPU.ActiveCfg = Release|Any CPU
		{1C02E315-1886-4F77-976F-7081764A4FCB}.Release|Any CPU.Build.0 = Release|Any CPU
		{6FF78B79-D3C8-437B-A35B-55F441905A86}.Debug|Any CPU.ActiveCfg = Debug|Any CPU
		{6FF78B79-D3C8-437B-A35B-55F441905A86}.Debug|Any CPU.Build.0 = Debug|Any CPU
		{6FF78B79-D3C8-437B-A35B-55F441905A86}.Release|Any CPU.ActiveCfg = Release|Any CPU
		{6FF78B79-D3C8-437B-A35B-55F441905A86}.Release|Any CPU.Build.0 = Release|Any CPU
		{7B499943-7183-446F-92C0-D9DAD6237303}.Debug|Any CPU.ActiveCfg = Debug|Any CPU
		{7B499943-7183-446F-92C0-D9DAD6237303}.Debug|Any CPU.Build.0 = Debug|Any CPU
		{7B499943-7183-446F-92C0-D9DAD6237303}.Release|Any CPU.ActiveCfg = Release|Any CPU
		{7B499943-7183-446F-92C0-D9DAD6237303}.Release|Any CPU.Build.0 = Release|Any CPU
		{117B6E86-2C88-446E-AC3A-AE1A2E84E2D8}.Debug|Any CPU.ActiveCfg = Debug|Any CPU
		{117B6E86-2C88-446E-AC3A-AE1A2E84E2D8}.Debug|Any CPU.Build.0 = Debug|Any CPU
		{117B6E86-2C88-446E-AC3A-AE1A2E84E2D8}.Release|Any CPU.ActiveCfg = Release|Any CPU
		{117B6E86-2C88-446E-AC3A-AE1A2E84E2D8}.Release|Any CPU.Build.0 = Release|Any CPU
		{959DD5E1-530A-42BA-82B8-F17A657AC351}.Debug|Any CPU.ActiveCfg = Debug|Any CPU
		{959DD5E1-530A-42BA-82B8-F17A657AC351}.Debug|Any CPU.Build.0 = Debug|Any CPU
		{959DD5E1-530A-42BA-82B8-F17A657AC351}.Release|Any CPU.ActiveCfg = Release|Any CPU
		{959DD5E1-530A-42BA-82B8-F17A657AC351}.Release|Any CPU.Build.0 = Release|Any CPU
		{2069346C-9769-48DF-B71F-A58ED6A2192B}.Debug|Any CPU.ActiveCfg = Debug|Any CPU
		{2069346C-9769-48DF-B71F-A58ED6A2192B}.Debug|Any CPU.Build.0 = Debug|Any CPU
		{2069346C-9769-48DF-B71F-A58ED6A2192B}.Release|Any CPU.ActiveCfg = Release|Any CPU
		{2069346C-9769-48DF-B71F-A58ED6A2192B}.Release|Any CPU.Build.0 = Release|Any CPU
		{74DF6A5E-4F95-467A-8F64-5A4DBC3AAFFC}.Debug|Any CPU.ActiveCfg = Debug|Any CPU
		{74DF6A5E-4F95-467A-8F64-5A4DBC3AAFFC}.Debug|Any CPU.Build.0 = Debug|Any CPU
		{74DF6A5E-4F95-467A-8F64-5A4DBC3AAFFC}.Release|Any CPU.ActiveCfg = Release|Any CPU
		{74DF6A5E-4F95-467A-8F64-5A4DBC3AAFFC}.Release|Any CPU.Build.0 = Release|Any CPU
		{2B2BD40D-46FD-4582-994D-39D8056DE55E}.Debug|Any CPU.ActiveCfg = Debug|Any CPU
		{2B2BD40D-46FD-4582-994D-39D8056DE55E}.Debug|Any CPU.Build.0 = Debug|Any CPU
		{2B2BD40D-46FD-4582-994D-39D8056DE55E}.Release|Any CPU.ActiveCfg = Release|Any CPU
		{2B2BD40D-46FD-4582-994D-39D8056DE55E}.Release|Any CPU.Build.0 = Release|Any CPU
		{80EF0604-F641-4D01-9922-0162D0C69E02}.Debug|Any CPU.ActiveCfg = Debug|Any CPU
		{80EF0604-F641-4D01-9922-0162D0C69E02}.Debug|Any CPU.Build.0 = Debug|Any CPU
		{80EF0604-F641-4D01-9922-0162D0C69E02}.Release|Any CPU.ActiveCfg = Release|Any CPU
		{80EF0604-F641-4D01-9922-0162D0C69E02}.Release|Any CPU.Build.0 = Release|Any CPU
	EndGlobalSection
	GlobalSection(SolutionProperties) = preSolution
		HideSolutionNode = FALSE
	EndGlobalSection
	GlobalSection(NestedProjects) = preSolution
		{6FF78B79-D3C8-437B-A35B-55F441905A86} = {97C99299-8645-46CC-A851-6F3E79112221}
		{06385968-DFF7-4470-B87E-55D98CC4661C} = {97C99299-8645-46CC-A851-6F3E79112221}
		{7B499943-7183-446F-92C0-D9DAD6237303} = {06385968-DFF7-4470-B87E-55D98CC4661C}
		{117B6E86-2C88-446E-AC3A-AE1A2E84E2D8} = {06385968-DFF7-4470-B87E-55D98CC4661C}
		{959DD5E1-530A-42BA-82B8-F17A657AC351} = {06385968-DFF7-4470-B87E-55D98CC4661C}
		{2069346C-9769-48DF-B71F-A58ED6A2192B} = {06385968-DFF7-4470-B87E-55D98CC4661C}
		{80EF0604-F641-4D01-9922-0162D0C69E02} = {06385968-DFF7-4470-B87E-55D98CC4661C}
	EndGlobalSection
	GlobalSection(ExtensibilityGlobals) = postSolution
		SolutionGuid = {1A02148E-CFB1-43D0-8DC0-123232A179A7}
	EndGlobalSection
EndGlobal
